[[package]]
name = "imageio"
version = "2.34.2"
description = "Library for reading and writing a wide range of image, video, scientific, and volumetric data formats."
category = "main"
optional = false
python-versions = ">=3.8"

[package.dependencies]
numpy = "*"
pillow = ">=8.3.2"

[package.extras]
all-plugins = ["astropy", "av", "imageio-ffmpeg", "pillow-heif", "psutil", "tifffile"]
all-plugins-pypy = ["av", "imageio-ffmpeg", "pillow-heif", "psutil", "tifffile"]
build = ["wheel"]
dev = ["pytest", "pytest-cov", "fsspec", "black", "flake8"]
docs = ["sphinx (<6)", "numpydoc", "pydata-sphinx-theme"]
ffmpeg = ["imageio-ffmpeg", "psutil"]
fits = ["astropy"]
full = ["astropy", "av", "black", "flake8", "fsspec", "gdal", "imageio-ffmpeg", "itk", "numpydoc", "pillow-heif", "psutil", "pydata-sphinx-theme", "pytest", "pytest-cov", "sphinx (<6)", "tifffile", "wheel"]
gdal = ["gdal"]
itk = ["itk"]
linting = ["black", "flake8"]
pillow-heif = ["pillow-heif"]
pyav = ["av"]
test = ["pytest", "pytest-cov", "fsspec"]
tifffile = ["tifffile"]

[[package]]
name = "lazy-loader"
version = "0.4"
description = "Makes it easy to load subpackages and functions on demand."
category = "main"
optional = false
python-versions = ">=3.7"

[package.dependencies]
packaging = "*"

[package.extras]
dev = ["changelist (==0.5)"]
lint = ["pre-commit (==3.7.0)"]
test = ["pytest (>=7.4)", "pytest-cov (>=4.1)"]

[[package]]
name = "networkx"
version = "3.3"
description = "Python package for creating and manipulating graphs and networks"
category = "main"
optional = false
python-versions = ">=3.10"

[package.extras]
default = ["numpy (>=1.23)", "scipy (>=1.9,!=1.11.0,!=1.11.1)", "matplotlib (>=3.6)", "pandas (>=1.4)"]
developer = ["changelist (==0.5)", "pre-commit (>=3.2)", "mypy (>=1.1)", "rtoml"]
doc = ["sphinx (>=7)", "pydata-sphinx-theme (>=0.14)", "sphinx-gallery (>=0.14)", "numpydoc (>=1.7)", "pillow (>=9.4)", "texext (>=0.6.7)", "myst-nb (>=1.0)"]
extra = ["lxml (>=4.6)", "pygraphviz (>=1.12)", "pydot (>=2.0)", "sympy (>=1.10)"]
test = ["pytest (>=7.2)", "pytest-cov (>=4.0)"]

[[package]]
name = "numpy"
version = "2.0.0"
description = "Fundamental package for array computing in Python"
category = "main"
optional = false
python-versions = ">=3.9"

[[package]]
name = "packaging"
version = "24.1"
description = "Core utilities for Python packages"
category = "main"
optional = false
python-versions = ">=3.8"

[[package]]
name = "pillow"
version = "10.4.0"
description = "Python Imaging Library (Fork)"
category = "main"
optional = false
python-versions = ">=3.8"

[package.extras]
docs = ["furo", "olefile", "sphinx (>=7.3)", "sphinx-copybutton", "sphinx-inline-tabs", "sphinxext-opengraph"]
fpx = ["olefile"]
mic = ["olefile"]
tests = ["check-manifest", "coverage", "defusedxml", "markdown2", "olefile", "packaging", "pyroma", "pytest", "pytest-cov", "pytest-timeout"]
typing = ["typing-extensions"]
xmp = ["defusedxml"]

[[package]]
name = "pillow-pil"
version = "0.1dev"
description = "Pillow wrapper for PIL compatibility"
category = "main"
optional = false
python-versions = "*"

[package.dependencies]
Pillow = "*"

[[package]]
name = "scikit-image"
version = "0.23.2"
description = "Image processing in Python"
category = "main"
optional = false
python-versions = ">=3.10"

[package.dependencies]
imageio = ">=2.33"
lazy-loader = ">=0.4"
networkx = ">=2.8"
numpy = ">=1.23"
packaging = ">=21"
pillow = ">=9.1"
scipy = ">=1.9"
tifffile = ">=2022.8.12"

[package.extras]
build = ["meson-python (>=0.15)", "wheel", "setuptools (>=67)", "packaging (>=21)", "ninja", "Cython (>=3.0.4)", "pythran", "numpy (>=2.0.0rc1)", "spin (==0.8)", "build"]
data = ["pooch (>=1.6.0)"]
developer = ["pre-commit", "ipython", "tomli"]
docs = ["sphinx (>=7.3)", "sphinx-gallery (>=0.14)", "numpydoc (>=1.7)", "sphinx-copybutton", "pytest-runner", "matplotlib (>=3.6)", "dask[array] (>=2022.9.2)", "pandas (>=1.5)", "seaborn (>=0.11)", "pooch (>=1.6)", "tifffile (>=2022.8.12)", "myst-parser", "ipywidgets", "ipykernel", "plotly (>=5.10)", "kaleido", "scikit-learn (>=1.1)", "sphinx_design (>=0.5)", "pydata-sphinx-theme (>=0.15.2)", "PyWavelets (>=1.1.1)", "pytest-doctestplus"]
optional = ["simpleitk", "astropy (>=5.0)", "cloudpickle (>=0.2.1)", "dask[array] (>=2021.1.0)", "matplotlib (>=3.6)", "pooch (>=1.6.0)", "pyamg", "PyWavelets (>=1.1.1)", "scikit-learn (>=1.1)"]
test = ["asv", "numpydoc (>=1.7)", "pooch (>=1.6.0)", "pytest (>=7.0)", "pytest-cov (>=2.11.0)", "pytest-localserver", "pytest-faulthandler", "pytest-doctestplus"]

[[package]]
name = "scipy"
version = "1.14.0"
description = "Fundamental algorithms for scientific computing in Python"
category = "main"
optional = false
python-versions = ">=3.10"

[package.dependencies]
numpy = ">=1.23.5,<2.3"

[package.extras]
test = ["pytest", "pytest-cov", "pytest-timeout", "pytest-xdist", "asv", "mpmath", "gmpy2", "threadpoolctl", "scikit-umfpack", "pooch", "hypothesis (>=6.30)", "array-api-strict", "cython", "meson", "ninja"]
doc = ["sphinx (>=5.0.0)", "pydata-sphinx-theme (>=0.15.2)", "sphinx-design (>=0.4.0)", "matplotlib (>=3.5)", "numpydoc", "jupytext", "myst-nb", "pooch", "jupyterlite-sphinx (>=0.13.1)", "jupyterlite-pyodide-kernel"]
dev = ["mypy (==1.10.0)", "typing-extensions", "types-psutil", "pycodestyle", "ruff (>=0.0.292)", "cython-lint (>=0.12.2)", "rich-click", "doit (>=0.36.0)", "pydevtool"]

[[package]]
name = "tifffile"
version = "2024.7.2"
description = "Read and write TIFF files"
category = "main"
optional = false
python-versions = ">=3.9"

[package.dependencies]
numpy = "*"

[package.extras]
all = ["imagecodecs (>=2023.8.12)", "matplotlib", "defusedxml", "lxml", "zarr", "fsspec"]

[[package]]
name = "tk"
version = "0.1.0"
description = "TensorKit is a deep learning helper between Python and C++."
category = "main"
optional = false
python-versions = "*"

[metadata]
lock-version = "1.1"
python-versions = "^3.10"
content-hash = "55cdd248f23402c0885740356691c5373f79f1588d15d55f6f465382d46ac9be"

[metadata.files]
imageio = []
lazy-loader = []
networkx = []
numpy = []
packaging = []
pillow = []
pillow-pil = []
scikit-image = []
scipy = []
tifffile = []
tk = []
